
Microsoft Visual Studio Solution File, Format Version 12.00
# Visual Studio Version 17
VisualStudioVersion = 17.1.32210.238
MinimumVisualStudioVersion = 10.0.40219.1
Project("{8BC9CEB8-8B4A-11D0-8D11-00A0C91BC942}") = "Program", "Program\Program.vcxproj", "{3CB0F9EA-D25A-4DBB-BD79-AF6C4842B81D}"
EndProject
Project("{8BC9CEB8-8B4A-11D0-8D11-00A0C91BC942}") = "Class1th (Brute Force)", "Class1th (Brute Force)\Class1th (Brute Force).vcxproj", "{BADB8A9B-F167-4179-AFED-A66F965E8106}"
EndProject
Project("{8BC9CEB8-8B4A-11D0-8D11-00A0C91BC942}") = "Class2th (Sieve of Eratosthenes)", "Class2th (Sieve of Eratosthenes)\Class2th (Sieve of Eratosthenes).vcxproj", "{A6B36450-573E-4A1D-99C6-DF7079F0E2AD}"
EndProject
Project("{8BC9CEB8-8B4A-11D0-8D11-00A0C91BC942}") = "Class3th (Bubble Sort)", "Class3th (Bubble Sort)\Class3th (Bubble Sort).vcxproj", "{24C05DA6-5345-4CB0-AF65-7FE9F976431B}"
EndProject
Project("{8BC9CEB8-8B4A-11D0-8D11-00A0C91BC942}") = "Class4th (Select Sort)", "Class4th (Select Sort)\Class4th (Select Sort).vcxproj", "{67A11F08-4EB8-4DB2-A47E-23E99015279F}"
EndProject
Project("{8BC9CEB8-8B4A-11D0-8D11-00A0C91BC942}") = "Class5th (Insert Sort)", "Class5th (Insert Sort)\Class5th (Insert Sort).vcxproj", "{6D26A501-536B-4FC4-A9C2-421436879993}"
EndProject
Project("{8BC9CEB8-8B4A-11D0-8D11-00A0C91BC942}") = "Class6th (Two Pointer)", "Class6th (Two Pointer)\Class6th (Two Pointer).vcxproj", "{5E2AF3C4-A93E-444D-9B0B-2095FA6E95C3}"
EndProject
Project("{8BC9CEB8-8B4A-11D0-8D11-00A0C91BC942}") = "Class7th (Binary Search)", "Class7th (Binary Search)\Class7th (Binary Search).vcxproj", "{36AEB8A1-D5E1-47A8-A822-855ADC86F9EA}"
EndProject
Project("{8BC9CEB8-8B4A-11D0-8D11-00A0C91BC942}") = "Class8th (Divide and Conquer)", "Class8th (Divide and Conquer)\Class8th (Divide and Conquer).vcxproj", "{F6643EFC-CA7D-4519-8EFC-6601001A88B1}"
EndProject
Project("{8BC9CEB8-8B4A-11D0-8D11-00A0C91BC942}") = "Class9th (Quick Sort)", "Class9th (Quick Sort)\Class9th (Quick Sort).vcxproj", "{F85BC087-B2A3-4FDC-9E1D-FFDFEFF88C2B}"
EndProject
Project("{8BC9CEB8-8B4A-11D0-8D11-00A0C91BC942}") = "Class10th (Merge Sort)", "Class10th (Merge Sort)\Class10th (Merge Sort).vcxproj", "{BE323E9C-FDE4-40AA-BC5E-F4322C3D138C}"
EndProject
Project("{8BC9CEB8-8B4A-11D0-8D11-00A0C91BC942}") = "Class11th (Dynamic Programming)", "Class11th (Dynamic Programming)\Class11th (Dynamic Programming).vcxproj", "{6648702D-2E96-4E8A-9331-F7095AA1F8C9}"
EndProject
Project("{8BC9CEB8-8B4A-11D0-8D11-00A0C91BC942}") = "Class12th (Greedy)", "Class12th (Greedy)\Class12th (Greedy).vcxproj", "{15884119-EBB2-4DCE-AA7D-997C68C546A4}"
EndProject
Project("{8BC9CEB8-8B4A-11D0-8D11-00A0C91BC942}") = "Class13th (Shell Sort)", "Class13th (Shell Sort)\Class13th (Shell Sort).vcxproj", "{51CF8878-94A2-41B4-AD3D-DE1AD067A591}"
EndProject
Project("{8BC9CEB8-8B4A-11D0-8D11-00A0C91BC942}") = "Class14th (Euclidean Algorithm)", "Class14th (Euclidean Algorithm)\Class14th (Euclidean Algorithm).vcxproj", "{4EAD44BC-4A3A-4720-B632-C9E2943AB049}"
EndProject
Project("{8BC9CEB8-8B4A-11D0-8D11-00A0C91BC942}") = "Class15th (Back Tracking)", "Class15th (Back Tracking)\Class15th (Back Tracking).vcxproj", "{F3B22250-2A7D-4284-A843-360B049E1BFC}"
EndProject
Project("{8BC9CEB8-8B4A-11D0-8D11-00A0C91BC942}") = "Class16th (Depth First Search)", "Class16th (Depth First Search)\Class16th (Depth First Search).vcxproj", "{F8614EA9-8F1E-4A54-B9E3-5C19CBAA7EF0}"
EndProject
Project("{8BC9CEB8-8B4A-11D0-8D11-00A0C91BC942}") = "Class17th (Breadth First Serach)", "Class17th (Breadth First Serach)\Class17th (Breadth First Serach).vcxproj", "{FC9E1665-36AD-4FE1-A465-5B45FBB87B6E}"
EndProject
Project("{8BC9CEB8-8B4A-11D0-8D11-00A0C91BC942}") = "Class18th (Topology Sort)", "Class18th (Topology Sort)\Class18th (Topology Sort).vcxproj", "{7494A0DB-1095-43C5-9E6D-35B37F66E8CD}"
EndProject
Project("{8BC9CEB8-8B4A-11D0-8D11-00A0C91BC942}") = "Class19th (Union Find)", "Class19th (Union Find)\Class19th (Union Find).vcxproj", "{674D4D2E-C33D-43F4-9E09-2C39DFECDD6F}"
EndProject
Global
	GlobalSection(SolutionConfigurationPlatforms) = preSolution
		Debug|x64 = Debug|x64
		Debug|x86 = Debug|x86
		Release|x64 = Release|x64
		Release|x86 = Release|x86
	EndGlobalSection
	GlobalSection(ProjectConfigurationPlatforms) = postSolution
		{3CB0F9EA-D25A-4DBB-BD79-AF6C4842B81D}.Debug|x64.ActiveCfg = Debug|x64
		{3CB0F9EA-D25A-4DBB-BD79-AF6C4842B81D}.Debug|x64.Build.0 = Debug|x64
		{3CB0F9EA-D25A-4DBB-BD79-AF6C4842B81D}.Debug|x86.ActiveCfg = Debug|Win32
		{3CB0F9EA-D25A-4DBB-BD79-AF6C4842B81D}.Debug|x86.Build.0 = Debug|Win32
		{3CB0F9EA-D25A-4DBB-BD79-AF6C4842B81D}.Release|x64.ActiveCfg = Release|x64
		{3CB0F9EA-D25A-4DBB-BD79-AF6C4842B81D}.Release|x64.Build.0 = Release|x64
		{3CB0F9EA-D25A-4DBB-BD79-AF6C4842B81D}.Release|x86.ActiveCfg = Release|Win32
		{3CB0F9EA-D25A-4DBB-BD79-AF6C4842B81D}.Release|x86.Build.0 = Release|Win32
		{BADB8A9B-F167-4179-AFED-A66F965E8106}.Debug|x64.ActiveCfg = Debug|x64
		{BADB8A9B-F167-4179-AFED-A66F965E8106}.Debug|x64.Build.0 = Debug|x64
		{BADB8A9B-F167-4179-AFED-A66F965E8106}.Debug|x86.ActiveCfg = Debug|Win32
		{BADB8A9B-F167-4179-AFED-A66F965E8106}.Debug|x86.Build.0 = Debug|Win32
		{BADB8A9B-F167-4179-AFED-A66F965E8106}.Release|x64.ActiveCfg = Release|x64
		{BADB8A9B-F167-4179-AFED-A66F965E8106}.Release|x64.Build.0 = Release|x64
		{BADB8A9B-F167-4179-AFED-A66F965E8106}.Release|x86.ActiveCfg = Release|Win32
		{BADB8A9B-F167-4179-AFED-A66F965E8106}.Release|x86.Build.0 = Release|Win32
		{A6B36450-573E-4A1D-99C6-DF7079F0E2AD}.Debug|x64.ActiveCfg = Debug|x64
		{A6B36450-573E-4A1D-99C6-DF7079F0E2AD}.Debug|x64.Build.0 = Debug|x64
		{A6B36450-573E-4A1D-99C6-DF7079F0E2AD}.Debug|x86.ActiveCfg = Debug|Win32
		{A6B36450-573E-4A1D-99C6-DF7079F0E2AD}.Debug|x86.Build.0 = Debug|Win32
		{A6B36450-573E-4A1D-99C6-DF7079F0E2AD}.Release|x64.ActiveCfg = Release|x64
		{A6B36450-573E-4A1D-99C6-DF7079F0E2AD}.Release|x64.Build.0 = Release|x64
		{A6B36450-573E-4A1D-99C6-DF7079F0E2AD}.Release|x86.ActiveCfg = Release|Win32
		{A6B36450-573E-4A1D-99C6-DF7079F0E2AD}.Release|x86.Build.0 = Release|Win32
		{24C05DA6-5345-4CB0-AF65-7FE9F976431B}.Debug|x64.ActiveCfg = Debug|x64
		{24C05DA6-5345-4CB0-AF65-7FE9F976431B}.Debug|x64.Build.0 = Debug|x64
		{24C05DA6-5345-4CB0-AF65-7FE9F976431B}.Debug|x86.ActiveCfg = Debug|Win32
		{24C05DA6-5345-4CB0-AF65-7FE9F976431B}.Debug|x86.Build.0 = Debug|Win32
		{24C05DA6-5345-4CB0-AF65-7FE9F976431B}.Release|x64.ActiveCfg = Release|x64
		{24C05DA6-5345-4CB0-AF65-7FE9F976431B}.Release|x64.Build.0 = Release|x64
		{24C05DA6-5345-4CB0-AF65-7FE9F976431B}.Release|x86.ActiveCfg = Release|Win32
		{24C05DA6-5345-4CB0-AF65-7FE9F976431B}.Release|x86.Build.0 = Release|Win32
		{67A11F08-4EB8-4DB2-A47E-23E99015279F}.Debug|x64.ActiveCfg = Debug|x64
		{67A11F08-4EB8-4DB2-A47E-23E99015279F}.Debug|x64.Build.0 = Debug|x64
		{67A11F08-4EB8-4DB2-A47E-23E99015279F}.Debug|x86.ActiveCfg = Debug|Win32
		{67A11F08-4EB8-4DB2-A47E-23E99015279F}.Debug|x86.Build.0 = Debug|Win32
		{67A11F08-4EB8-4DB2-A47E-23E99015279F}.Release|x64.ActiveCfg = Release|x64
		{67A11F08-4EB8-4DB2-A47E-23E99015279F}.Release|x64.Build.0 = Release|x64
		{67A11F08-4EB8-4DB2-A47E-23E99015279F}.Release|x86.ActiveCfg = Release|Win32
		{67A11F08-4EB8-4DB2-A47E-23E99015279F}.Release|x86.Build.0 = Release|Win32
		{6D26A501-536B-4FC4-A9C2-421436879993}.Debug|x64.ActiveCfg = Debug|x64
		{6D26A501-536B-4FC4-A9C2-421436879993}.Debug|x64.Build.0 = Debug|x64
		{6D26A501-536B-4FC4-A9C2-421436879993}.Debug|x86.ActiveCfg = Debug|Win32
		{6D26A501-536B-4FC4-A9C2-421436879993}.Debug|x86.Build.0 = Debug|Win32
		{6D26A501-536B-4FC4-A9C2-421436879993}.Release|x64.ActiveCfg = Release|x64
		{6D26A501-536B-4FC4-A9C2-421436879993}.Release|x64.Build.0 = Release|x64
		{6D26A501-536B-4FC4-A9C2-421436879993}.Release|x86.ActiveCfg = Release|Win32
		{6D26A501-536B-4FC4-A9C2-421436879993}.Release|x86.Build.0 = Release|Win32
		{5E2AF3C4-A93E-444D-9B0B-2095FA6E95C3}.Debug|x64.ActiveCfg = Debug|x64
		{5E2AF3C4-A93E-444D-9B0B-2095FA6E95C3}.Debug|x64.Build.0 = Debug|x64
		{5E2AF3C4-A93E-444D-9B0B-2095FA6E95C3}.Debug|x86.ActiveCfg = Debug|Win32
		{5E2AF3C4-A93E-444D-9B0B-2095FA6E95C3}.Debug|x86.Build.0 = Debug|Win32
		{5E2AF3C4-A93E-444D-9B0B-2095FA6E95C3}.Release|x64.ActiveCfg = Release|x64
		{5E2AF3C4-A93E-444D-9B0B-2095FA6E95C3}.Release|x64.Build.0 = Release|x64
		{5E2AF3C4-A93E-444D-9B0B-2095FA6E95C3}.Release|x86.ActiveCfg = Release|Win32
		{5E2AF3C4-A93E-444D-9B0B-2095FA6E95C3}.Release|x86.Build.0 = Release|Win32
		{36AEB8A1-D5E1-47A8-A822-855ADC86F9EA}.Debug|x64.ActiveCfg = Debug|x64
		{36AEB8A1-D5E1-47A8-A822-855ADC86F9EA}.Debug|x64.Build.0 = Debug|x64
		{36AEB8A1-D5E1-47A8-A822-855ADC86F9EA}.Debug|x86.ActiveCfg = Debug|Win32
		{36AEB8A1-D5E1-47A8-A822-855ADC86F9EA}.Debug|x86.Build.0 = Debug|Win32
		{36AEB8A1-D5E1-47A8-A822-855ADC86F9EA}.Release|x64.ActiveCfg = Release|x64
		{36AEB8A1-D5E1-47A8-A822-855ADC86F9EA}.Release|x64.Build.0 = Release|x64
		{36AEB8A1-D5E1-47A8-A822-855ADC86F9EA}.Release|x86.ActiveCfg = Release|Win32
		{36AEB8A1-D5E1-47A8-A822-855ADC86F9EA}.Release|x86.Build.0 = Release|Win32
		{F6643EFC-CA7D-4519-8EFC-6601001A88B1}.Debug|x64.ActiveCfg = Debug|x64
		{F6643EFC-CA7D-4519-8EFC-6601001A88B1}.Debug|x64.Build.0 = Debug|x64
		{F6643EFC-CA7D-4519-8EFC-6601001A88B1}.Debug|x86.ActiveCfg = Debug|Win32
		{F6643EFC-CA7D-4519-8EFC-6601001A88B1}.Debug|x86.Build.0 = Debug|Win32
		{F6643EFC-CA7D-4519-8EFC-6601001A88B1}.Release|x64.ActiveCfg = Release|x64
		{F6643EFC-CA7D-4519-8EFC-6601001A88B1}.Release|x64.Build.0 = Release|x64
		{F6643EFC-CA7D-4519-8EFC-6601001A88B1}.Release|x86.ActiveCfg = Release|Win32
		{F6643EFC-CA7D-4519-8EFC-6601001A88B1}.Release|x86.Build.0 = Release|Win32
		{F85BC087-B2A3-4FDC-9E1D-FFDFEFF88C2B}.Debug|x64.ActiveCfg = Debug|x64
		{F85BC087-B2A3-4FDC-9E1D-FFDFEFF88C2B}.Debug|x64.Build.0 = Debug|x64
		{F85BC087-B2A3-4FDC-9E1D-FFDFEFF88C2B}.Debug|x86.ActiveCfg = Debug|Win32
		{F85BC087-B2A3-4FDC-9E1D-FFDFEFF88C2B}.Debug|x86.Build.0 = Debug|Win32
		{F85BC087-B2A3-4FDC-9E1D-FFDFEFF88C2B}.Release|x64.ActiveCfg = Release|x64
		{F85BC087-B2A3-4FDC-9E1D-FFDFEFF88C2B}.Release|x64.Build.0 = Release|x64
		{F85BC087-B2A3-4FDC-9E1D-FFDFEFF88C2B}.Release|x86.ActiveCfg = Release|Win32
		{F85BC087-B2A3-4FDC-9E1D-FFDFEFF88C2B}.Release|x86.Build.0 = Release|Win32
		{BE323E9C-FDE4-40AA-BC5E-F4322C3D138C}.Debug|x64.ActiveCfg = Debug|x64
		{BE323E9C-FDE4-40AA-BC5E-F4322C3D138C}.Debug|x64.Build.0 = Debug|x64
		{BE323E9C-FDE4-40AA-BC5E-F4322C3D138C}.Debug|x86.ActiveCfg = Debug|Win32
		{BE323E9C-FDE4-40AA-BC5E-F4322C3D138C}.Debug|x86.Build.0 = Debug|Win32
		{BE323E9C-FDE4-40AA-BC5E-F4322C3D138C}.Release|x64.ActiveCfg = Release|x64
		{BE323E9C-FDE4-40AA-BC5E-F4322C3D138C}.Release|x64.Build.0 = Release|x64
		{BE323E9C-FDE4-40AA-BC5E-F4322C3D138C}.Release|x86.ActiveCfg = Release|Win32
		{BE323E9C-FDE4-40AA-BC5E-F4322C3D138C}.Release|x86.Build.0 = Release|Win32
		{6648702D-2E96-4E8A-9331-F7095AA1F8C9}.Debug|x64.ActiveCfg = Debug|x64
		{6648702D-2E96-4E8A-9331-F7095AA1F8C9}.Debug|x64.Build.0 = Debug|x64
		{6648702D-2E96-4E8A-9331-F7095AA1F8C9}.Debug|x86.ActiveCfg = Debug|Win32
		{6648702D-2E96-4E8A-9331-F7095AA1F8C9}.Debug|x86.Build.0 = Debug|Win32
		{6648702D-2E96-4E8A-9331-F7095AA1F8C9}.Release|x64.ActiveCfg = Release|x64
		{6648702D-2E96-4E8A-9331-F7095AA1F8C9}.Release|x64.Build.0 = Release|x64
		{6648702D-2E96-4E8A-9331-F7095AA1F8C9}.Release|x86.ActiveCfg = Release|Win32
		{6648702D-2E96-4E8A-9331-F7095AA1F8C9}.Release|x86.Build.0 = Release|Win32
		{15884119-EBB2-4DCE-AA7D-997C68C546A4}.Debug|x64.ActiveCfg = Debug|x64
		{15884119-EBB2-4DCE-AA7D-997C68C546A4}.Debug|x64.Build.0 = Debug|x64
		{15884119-EBB2-4DCE-AA7D-997C68C546A4}.Debug|x86.ActiveCfg = Debug|Win32
		{15884119-EBB2-4DCE-AA7D-997C68C546A4}.Debug|x86.Build.0 = Debug|Win32
		{15884119-EBB2-4DCE-AA7D-997C68C546A4}.Release|x64.ActiveCfg = Release|x64
		{15884119-EBB2-4DCE-AA7D-997C68C546A4}.Release|x64.Build.0 = Release|x64
		{15884119-EBB2-4DCE-AA7D-997C68C546A4}.Release|x86.ActiveCfg = Release|Win32
		{15884119-EBB2-4DCE-AA7D-997C68C546A4}.Release|x86.Build.0 = Release|Win32
		{51CF8878-94A2-41B4-AD3D-DE1AD067A591}.Debug|x64.ActiveCfg = Debug|x64
		{51CF8878-94A2-41B4-AD3D-DE1AD067A591}.Debug|x64.Build.0 = Debug|x64
		{51CF8878-94A2-41B4-AD3D-DE1AD067A591}.Debug|x86.ActiveCfg = Debug|Win32
		{51CF8878-94A2-41B4-AD3D-DE1AD067A591}.Debug|x86.Build.0 = Debug|Win32
		{51CF8878-94A2-41B4-AD3D-DE1AD067A591}.Release|x64.ActiveCfg = Release|x64
		{51CF8878-94A2-41B4-AD3D-DE1AD067A591}.Release|x64.Build.0 = Release|x64
		{51CF8878-94A2-41B4-AD3D-DE1AD067A591}.Release|x86.ActiveCfg = Release|Win32
		{51CF8878-94A2-41B4-AD3D-DE1AD067A591}.Release|x86.Build.0 = Release|Win32
		{4EAD44BC-4A3A-4720-B632-C9E2943AB049}.Debug|x64.ActiveCfg = Debug|x64
		{4EAD44BC-4A3A-4720-B632-C9E2943AB049}.Debug|x64.Build.0 = Debug|x64
		{4EAD44BC-4A3A-4720-B632-C9E2943AB049}.Debug|x86.ActiveCfg = Debug|Win32
		{4EAD44BC-4A3A-4720-B632-C9E2943AB049}.Debug|x86.Build.0 = Debug|Win32
		{4EAD44BC-4A3A-4720-B632-C9E2943AB049}.Release|x64.ActiveCfg = Release|x64
		{4EAD44BC-4A3A-4720-B632-C9E2943AB049}.Release|x64.Build.0 = Release|x64
		{4EAD44BC-4A3A-4720-B632-C9E2943AB049}.Release|x86.ActiveCfg = Release|Win32
		{4EAD44BC-4A3A-4720-B632-C9E2943AB049}.Release|x86.Build.0 = Release|Win32
		{F3B22250-2A7D-4284-A843-360B049E1BFC}.Debug|x64.ActiveCfg = Debug|x64
		{F3B22250-2A7D-4284-A843-360B049E1BFC}.Debug|x64.Build.0 = Debug|x64
		{F3B22250-2A7D-4284-A843-360B049E1BFC}.Debug|x86.ActiveCfg = Debug|Win32
		{F3B22250-2A7D-4284-A843-360B049E1BFC}.Debug|x86.Build.0 = Debug|Win32
		{F3B22250-2A7D-4284-A843-360B049E1BFC}.Release|x64.ActiveCfg = Release|x64
		{F3B22250-2A7D-4284-A843-360B049E1BFC}.Release|x64.Build.0 = Release|x64
		{F3B22250-2A7D-4284-A843-360B049E1BFC}.Release|x86.ActiveCfg = Release|Win32
		{F3B22250-2A7D-4284-A843-360B049E1BFC}.Release|x86.Build.0 = Release|Win32
		{F8614EA9-8F1E-4A54-B9E3-5C19CBAA7EF0}.Debug|x64.ActiveCfg = Debug|x64
		{F8614EA9-8F1E-4A54-B9E3-5C19CBAA7EF0}.Debug|x64.Build.0 = Debug|x64
		{F8614EA9-8F1E-4A54-B9E3-5C19CBAA7EF0}.Debug|x86.ActiveCfg = Debug|Win32
		{F8614EA9-8F1E-4A54-B9E3-5C19CBAA7EF0}.Debug|x86.Build.0 = Debug|Win32
		{F8614EA9-8F1E-4A54-B9E3-5C19CBAA7EF0}.Release|x64.ActiveCfg = Release|x64
		{F8614EA9-8F1E-4A54-B9E3-5C19CBAA7EF0}.Release|x64.Build.0 = Release|x64
		{F8614EA9-8F1E-4A54-B9E3-5C19CBAA7EF0}.Release|x86.ActiveCfg = Release|Win32
		{F8614EA9-8F1E-4A54-B9E3-5C19CBAA7EF0}.Release|x86.Build.0 = Release|Win32
		{FC9E1665-36AD-4FE1-A465-5B45FBB87B6E}.Debug|x64.ActiveCfg = Debug|x64
		{FC9E1665-36AD-4FE1-A465-5B45FBB87B6E}.Debug|x64.Build.0 = Debug|x64
		{FC9E1665-36AD-4FE1-A465-5B45FBB87B6E}.Debug|x86.ActiveCfg = Debug|Win32
		{FC9E1665-36AD-4FE1-A465-5B45FBB87B6E}.Debug|x86.Build.0 = Debug|Win32
		{FC9E1665-36AD-4FE1-A465-5B45FBB87B6E}.Release|x64.ActiveCfg = Release|x64
		{FC9E1665-36AD-4FE1-A465-5B45FBB87B6E}.Release|x64.Build.0 = Release|x64
		{FC9E1665-36AD-4FE1-A465-5B45FBB87B6E}.Release|x86.ActiveCfg = Release|Win32
		{FC9E1665-36AD-4FE1-A465-5B45FBB87B6E}.Release|x86.Build.0 = Release|Win32
		{7494A0DB-1095-43C5-9E6D-35B37F66E8CD}.Debug|x64.ActiveCfg = Debug|x64
		{7494A0DB-1095-43C5-9E6D-35B37F66E8CD}.Debug|x64.Build.0 = Debug|x64
		{7494A0DB-1095-43C5-9E6D-35B37F66E8CD}.Debug|x86.ActiveCfg = Debug|Win32
		{7494A0DB-1095-43C5-9E6D-35B37F66E8CD}.Debug|x86.Build.0 = Debug|Win32
		{7494A0DB-1095-43C5-9E6D-35B37F66E8CD}.Release|x64.ActiveCfg = Release|x64
		{7494A0DB-1095-43C5-9E6D-35B37F66E8CD}.Release|x64.Build.0 = Release|x64
		{7494A0DB-1095-43C5-9E6D-35B37F66E8CD}.Release|x86.ActiveCfg = Release|Win32
		{7494A0DB-1095-43C5-9E6D-35B37F66E8CD}.Release|x86.Build.0 = Release|Win32
		{674D4D2E-C33D-43F4-9E09-2C39DFECDD6F}.Debug|x64.ActiveCfg = Debug|x64
		{674D4D2E-C33D-43F4-9E09-2C39DFECDD6F}.Debug|x64.Build.0 = Debug|x64
		{674D4D2E-C33D-43F4-9E09-2C39DFECDD6F}.Debug|x86.ActiveCfg = Debug|Win32
		{674D4D2E-C33D-43F4-9E09-2C39DFECDD6F}.Debug|x86.Build.0 = Debug|Win32
		{674D4D2E-C33D-43F4-9E09-2C39DFECDD6F}.Release|x64.ActiveCfg = Release|x64
		{674D4D2E-C33D-43F4-9E09-2C39DFECDD6F}.Release|x64.Build.0 = Release|x64
		{674D4D2E-C33D-43F4-9E09-2C39DFECDD6F}.Release|x86.ActiveCfg = Release|Win32
		{674D4D2E-C33D-43F4-9E09-2C39DFECDD6F}.Release|x86.Build.0 = Release|Win32
	EndGlobalSection
	GlobalSection(SolutionProperties) = preSolution
		HideSolutionNode = FALSE
	EndGlobalSection
	GlobalSection(ExtensibilityGlobals) = postSolution
		SolutionGuid = {BA3B31A4-ED00-47E7-8CB0-DF99D2415AAF}
	EndGlobalSection
EndGlobal
