
Microsoft Visual Studio Solution File, Format Version 12.00
# Visual Studio Version 17
VisualStudioVersion = 17.1.32210.238
MinimumVisualStudioVersion = 10.0.40219.1
Project("{8BC9CEB8-8B4A-11D0-8D11-00A0C91BC942}") = "Program", "Program\Program.vcxproj", "{3CB0F9EA-D25A-4DBB-BD79-AF6C4842B81D}"
EndProject
Project("{8BC9CEB8-8B4A-11D0-8D11-00A0C91BC942}") = "Class1th (Brute Force)", "Class1th (Brute Force)\Class1th (Brute Force).vcxproj", "{BADB8A9B-F167-4179-AFED-A66F965E8106}"
EndProject
Project("{8BC9CEB8-8B4A-11D0-8D11-00A0C91BC942}") = "Class2th (Sieve of Eratosthenes)", "Class2th (Sieve of Eratosthenes)\Class2th (Sieve of Eratosthenes).vcxproj", "{A6B36450-573E-4A1D-99C6-DF7079F0E2AD}"
EndProject
Project("{8BC9CEB8-8B4A-11D0-8D11-00A0C91BC942}") = "Class3th (Bubble Sort)", "Class3th (Bubble Sort)\Class3th (Bubble Sort).vcxproj", "{24C05DA6-5345-4CB0-AF65-7FE9F976431B}"
EndProject
Project("{8BC9CEB8-8B4A-11D0-8D11-00A0C91BC942}") = "Class4th (Select Sort)", "Class4th (Select Sort)\Class4th (Select Sort).vcxproj", "{67A11F08-4EB8-4DB2-A47E-23E99015279F}"
EndProject
Project("{8BC9CEB8-8B4A-11D0-8D11-00A0C91BC942}") = "Class5th (Insert Sort)", "Class5th (Insert Sort)\Class5th (Insert Sort).vcxproj", "{6D26A501-536B-4FC4-A9C2-421436879993}"
EndProject
Project("{8BC9CEB8-8B4A-11D0-8D11-00A0C91BC942}") = "Class6th (Two Pointer)", "Class6th (Two Pointer)\Class6th (Two Pointer).vcxproj", "{5E2AF3C4-A93E-444D-9B0B-2095FA6E95C3}"
EndProject
Project("{8BC9CEB8-8B4A-11D0-8D11-00A0C91BC942}") = "Class7th (Binary Search)", "Class7th (Binary Search)\Class7th (Binary Search).vcxproj", "{36AEB8A1-D5E1-47A8-A822-855ADC86F9EA}"
EndProject
Project("{8BC9CEB8-8B4A-11D0-8D11-00A0C91BC942}") = "Class8th (Divide and Conquer)", "Class8th (Divide and Conquer)\Class8th (Divide and Conquer).vcxproj", "{F6643EFC-CA7D-4519-8EFC-6601001A88B1}"
EndProject
Global
	GlobalSection(SolutionConfigurationPlatforms) = preSolution
		Debug|x64 = Debug|x64
		Debug|x86 = Debug|x86
		Release|x64 = Release|x64
		Release|x86 = Release|x86
	EndGlobalSection
	GlobalSection(ProjectConfigurationPlatforms) = postSolution
		{3CB0F9EA-D25A-4DBB-BD79-AF6C4842B81D}.Debug|x64.ActiveCfg = Debug|x64
		{3CB0F9EA-D25A-4DBB-BD79-AF6C4842B81D}.Debug|x64.Build.0 = Debug|x64
		{3CB0F9EA-D25A-4DBB-BD79-AF6C4842B81D}.Debug|x86.ActiveCfg = Debug|Win32
		{3CB0F9EA-D25A-4DBB-BD79-AF6C4842B81D}.Debug|x86.Build.0 = Debug|Win32
		{3CB0F9EA-D25A-4DBB-BD79-AF6C4842B81D}.Release|x64.ActiveCfg = Release|x64
		{3CB0F9EA-D25A-4DBB-BD79-AF6C4842B81D}.Release|x64.Build.0 = Release|x64
		{3CB0F9EA-D25A-4DBB-BD79-AF6C4842B81D}.Release|x86.ActiveCfg = Release|Win32
		{3CB0F9EA-D25A-4DBB-BD79-AF6C4842B81D}.Release|x86.Build.0 = Release|Win32
		{BADB8A9B-F167-4179-AFED-A66F965E8106}.Debug|x64.ActiveCfg = Debug|x64
		{BADB8A9B-F167-4179-AFED-A66F965E8106}.Debug|x64.Build.0 = Debug|x64
		{BADB8A9B-F167-4179-AFED-A66F965E8106}.Debug|x86.ActiveCfg = Debug|Win32
		{BADB8A9B-F167-4179-AFED-A66F965E8106}.Debug|x86.Build.0 = Debug|Win32
		{BADB8A9B-F167-4179-AFED-A66F965E8106}.Release|x64.ActiveCfg = Release|x64
		{BADB8A9B-F167-4179-AFED-A66F965E8106}.Release|x64.Build.0 = Release|x64
		{BADB8A9B-F167-4179-AFED-A66F965E8106}.Release|x86.ActiveCfg = Release|Win32
		{BADB8A9B-F167-4179-AFED-A66F965E8106}.Release|x86.Build.0 = Release|Win32
		{A6B36450-573E-4A1D-99C6-DF7079F0E2AD}.Debug|x64.ActiveCfg = Debug|x64
		{A6B36450-573E-4A1D-99C6-DF7079F0E2AD}.Debug|x64.Build.0 = Debug|x64
		{A6B36450-573E-4A1D-99C6-DF7079F0E2AD}.Debug|x86.ActiveCfg = Debug|Win32
		{A6B36450-573E-4A1D-99C6-DF7079F0E2AD}.Debug|x86.Build.0 = Debug|Win32
		{A6B36450-573E-4A1D-99C6-DF7079F0E2AD}.Release|x64.ActiveCfg = Release|x64
		{A6B36450-573E-4A1D-99C6-DF7079F0E2AD}.Release|x64.Build.0 = Release|x64
		{A6B36450-573E-4A1D-99C6-DF7079F0E2AD}.Release|x86.ActiveCfg = Release|Win32
		{A6B36450-573E-4A1D-99C6-DF7079F0E2AD}.Release|x86.Build.0 = Release|Win32
		{24C05DA6-5345-4CB0-AF65-7FE9F976431B}.Debug|x64.ActiveCfg = Debug|x64
		{24C05DA6-5345-4CB0-AF65-7FE9F976431B}.Debug|x64.Build.0 = Debug|x64
		{24C05DA6-5345-4CB0-AF65-7FE9F976431B}.Debug|x86.ActiveCfg = Debug|Win32
		{24C05DA6-5345-4CB0-AF65-7FE9F976431B}.Debug|x86.Build.0 = Debug|Win32
		{24C05DA6-5345-4CB0-AF65-7FE9F976431B}.Release|x64.ActiveCfg = Release|x64
		{24C05DA6-5345-4CB0-AF65-7FE9F976431B}.Release|x64.Build.0 = Release|x64
		{24C05DA6-5345-4CB0-AF65-7FE9F976431B}.Release|x86.ActiveCfg = Release|Win32
		{24C05DA6-5345-4CB0-AF65-7FE9F976431B}.Release|x86.Build.0 = Release|Win32
		{67A11F08-4EB8-4DB2-A47E-23E99015279F}.Debug|x64.ActiveCfg = Debug|x64
		{67A11F08-4EB8-4DB2-A47E-23E99015279F}.Debug|x64.Build.0 = Debug|x64
		{67A11F08-4EB8-4DB2-A47E-23E99015279F}.Debug|x86.ActiveCfg = Debug|Win32
		{67A11F08-4EB8-4DB2-A47E-23E99015279F}.Debug|x86.Build.0 = Debug|Win32
		{67A11F08-4EB8-4DB2-A47E-23E99015279F}.Release|x64.ActiveCfg = Release|x64
		{67A11F08-4EB8-4DB2-A47E-23E99015279F}.Release|x64.Build.0 = Release|x64
		{67A11F08-4EB8-4DB2-A47E-23E99015279F}.Release|x86.ActiveCfg = Release|Win32
		{67A11F08-4EB8-4DB2-A47E-23E99015279F}.Release|x86.Build.0 = Release|Win32
		{6D26A501-536B-4FC4-A9C2-421436879993}.Debug|x64.ActiveCfg = Debug|x64
		{6D26A501-536B-4FC4-A9C2-421436879993}.Debug|x64.Build.0 = Debug|x64
		{6D26A501-536B-4FC4-A9C2-421436879993}.Debug|x86.ActiveCfg = Debug|Win32
		{6D26A501-536B-4FC4-A9C2-421436879993}.Debug|x86.Build.0 = Debug|Win32
		{6D26A501-536B-4FC4-A9C2-421436879993}.Release|x64.ActiveCfg = Release|x64
		{6D26A501-536B-4FC4-A9C2-421436879993}.Release|x64.Build.0 = Release|x64
		{6D26A501-536B-4FC4-A9C2-421436879993}.Release|x86.ActiveCfg = Release|Win32
		{6D26A501-536B-4FC4-A9C2-421436879993}.Release|x86.Build.0 = Release|Win32
		{5E2AF3C4-A93E-444D-9B0B-2095FA6E95C3}.Debug|x64.ActiveCfg = Debug|x64
		{5E2AF3C4-A93E-444D-9B0B-2095FA6E95C3}.Debug|x64.Build.0 = Debug|x64
		{5E2AF3C4-A93E-444D-9B0B-2095FA6E95C3}.Debug|x86.ActiveCfg = Debug|Win32
		{5E2AF3C4-A93E-444D-9B0B-2095FA6E95C3}.Debug|x86.Build.0 = Debug|Win32
		{5E2AF3C4-A93E-444D-9B0B-2095FA6E95C3}.Release|x64.ActiveCfg = Release|x64
		{5E2AF3C4-A93E-444D-9B0B-2095FA6E95C3}.Release|x64.Build.0 = Release|x64
		{5E2AF3C4-A93E-444D-9B0B-2095FA6E95C3}.Release|x86.ActiveCfg = Release|Win32
		{5E2AF3C4-A93E-444D-9B0B-2095FA6E95C3}.Release|x86.Build.0 = Release|Win32
		{36AEB8A1-D5E1-47A8-A822-855ADC86F9EA}.Debug|x64.ActiveCfg = Debug|x64
		{36AEB8A1-D5E1-47A8-A822-855ADC86F9EA}.Debug|x64.Build.0 = Debug|x64
		{36AEB8A1-D5E1-47A8-A822-855ADC86F9EA}.Debug|x86.ActiveCfg = Debug|Win32
		{36AEB8A1-D5E1-47A8-A822-855ADC86F9EA}.Debug|x86.Build.0 = Debug|Win32
		{36AEB8A1-D5E1-47A8-A822-855ADC86F9EA}.Release|x64.ActiveCfg = Release|x64
		{36AEB8A1-D5E1-47A8-A822-855ADC86F9EA}.Release|x64.Build.0 = Release|x64
		{36AEB8A1-D5E1-47A8-A822-855ADC86F9EA}.Release|x86.ActiveCfg = Release|Win32
		{36AEB8A1-D5E1-47A8-A822-855ADC86F9EA}.Release|x86.Build.0 = Release|Win32
		{F6643EFC-CA7D-4519-8EFC-6601001A88B1}.Debug|x64.ActiveCfg = Debug|x64
		{F6643EFC-CA7D-4519-8EFC-6601001A88B1}.Debug|x64.Build.0 = Debug|x64
		{F6643EFC-CA7D-4519-8EFC-6601001A88B1}.Debug|x86.ActiveCfg = Debug|Win32
		{F6643EFC-CA7D-4519-8EFC-6601001A88B1}.Debug|x86.Build.0 = Debug|Win32
		{F6643EFC-CA7D-4519-8EFC-6601001A88B1}.Release|x64.ActiveCfg = Release|x64
		{F6643EFC-CA7D-4519-8EFC-6601001A88B1}.Release|x64.Build.0 = Release|x64
		{F6643EFC-CA7D-4519-8EFC-6601001A88B1}.Release|x86.ActiveCfg = Release|Win32
		{F6643EFC-CA7D-4519-8EFC-6601001A88B1}.Release|x86.Build.0 = Release|Win32
	EndGlobalSection
	GlobalSection(SolutionProperties) = preSolution
		HideSolutionNode = FALSE
	EndGlobalSection
	GlobalSection(ExtensibilityGlobals) = postSolution
		SolutionGuid = {BA3B31A4-ED00-47E7-8CB0-DF99D2415AAF}
	EndGlobalSection
EndGlobal
